
Microsoft Visual Studio Solution File, Format Version 12.00
# Visual Studio Version 17
VisualStudioVersion = 17.4.33403.182
MinimumVisualStudioVersion = 10.0.40219.1
Project("{9A19103F-16F7-4668-BE54-9A1E7A4F7556}") = "HumanResources", "HumanResources.csproj", "{9182289F-8347-42D4-8232-E7E1FCC9EB39}"
EndProject
Global
	GlobalSection(SolutionConfigurationPlatforms) = preSolution
		Debug|Any CPU = Debug|Any CPU
		Release|Any CPU = Release|Any CPU
	EndGlobalSection
	GlobalSection(ProjectConfigurationPlatforms) = postSolution
		{9182289F-8347-42D4-8232-E7E1FCC9EB39}.Debug|Any CPU.ActiveCfg = Debug|Any CPU
		{9182289F-8347-42D4-8232-E7E1FCC9EB39}.Debug|Any CPU.Build.0 = Debug|Any CPU
		{9182289F-8347-42D4-8232-E7E1FCC9EB39}.Release|Any CPU.ActiveCfg = Release|Any CPU
		{9182289F-8347-42D4-8232-E7E1FCC9EB39}.Release|Any CPU.Build.0 = Release|Any CPU
	EndGlobalSection
	GlobalSection(SolutionProperties) = preSolution
		HideSolutionNode = FALSE
	EndGlobalSection
	GlobalSection(ExtensibilityGlobals) = postSolution
		SolutionGuid = {FDB8BD51-BDE8-428C-B532-FCEA3CCA1822}
	EndGlobalSection
EndGlobal
